
Microsoft Visual Studio Solution File, Format Version 12.00
# Visual Studio 15
VisualStudioVersion = 15.0.26730.16
MinimumVisualStudioVersion = 10.0.40219.1
Project("{FAE04EC0-301F-11D3-BF4B-00C04F79EFBC}") = "FlowToCode", "FlowToCode\FlowToCode.csproj", "{347DB836-6613-4165-A8A0-3047D36E77B8}"
EndProject
Project("{FAE04EC0-301F-11D3-BF4B-00C04F79EFBC}") = "BaseFlow", "BaseFlow\BaseFlow.csproj", "{477A2DDB-4E60-470B-BC06-C1960D97EF7A}"
EndProject
Global
	GlobalSection(SolutionConfigurationPlatforms) = preSolution
		Debug|Any CPU = Debug|Any CPU
		Release|Any CPU = Release|Any CPU
	EndGlobalSection
	GlobalSection(ProjectConfigurationPlatforms) = postSolution
		{347DB836-6613-4165-A8A0-3047D36E77B8}.Debug|Any CPU.ActiveCfg = Debug|Any CPU
		{347DB836-6613-4165-A8A0-3047D36E77B8}.Debug|Any CPU.Build.0 = Debug|Any CPU
		{347DB836-6613-4165-A8A0-3047D36E77B8}.Release|Any CPU.ActiveCfg = Release|Any CPU
		{347DB836-6613-4165-A8A0-3047D36E77B8}.Release|Any CPU.Build.0 = Release|Any CPU
		{477A2DDB-4E60-470B-BC06-C1960D97EF7A}.Debug|Any CPU.ActiveCfg = Debug|Any CPU
		{477A2DDB-4E60-470B-BC06-C1960D97EF7A}.Debug|Any CPU.Build.0 = Debug|Any CPU
		{477A2DDB-4E60-470B-BC06-C1960D97EF7A}.Release|Any CPU.ActiveCfg = Release|Any CPU
		{477A2DDB-4E60-470B-BC06-C1960D97EF7A}.Release|Any CPU.Build.0 = Release|Any CPU
	EndGlobalSection
	GlobalSection(SolutionProperties) = preSolution
		HideSolutionNode = FALSE
	EndGlobalSection
	GlobalSection(ExtensibilityGlobals) = postSolution
		SolutionGuid = {4652E16B-F217-4D38-86FF-E5A8CB40718F}
	EndGlobalSection
EndGlobal
